
Microsoft Visual Studio Solution File, Format Version 12.00
# Visual Studio 15
VisualStudioVersion = 15.0.28010.2016
MinimumVisualStudioVersion = 10.0.40219.1
Project("{FAE04EC0-301F-11D3-BF4B-00C04F79EFBC}") = "HiProgram", "HiProgram\HiProgram.csproj", "{EE590265-E7F2-45F5-88AC-42E74C2FC3A3}"
EndProject
Project("{FAE04EC0-301F-11D3-BF4B-00C04F79EFBC}") = "AgeAfter10Years", "AgeAfter10Years\AgeAfter10Years.csproj", "{08C66395-FCBE-46F7-B335-4C286F291D78}"
EndProject
Project("{FAE04EC0-301F-11D3-BF4B-00C04F79EFBC}") = "MyUniqueNumber", "MyUniqueNumber\MyUniqueNumber.csproj", "{B85F5484-E2AE-466E-B02B-F307198B9E57}"
EndProject
Global
	GlobalSection(SolutionConfigurationPlatforms) = preSolution
		Debug|Any CPU = Debug|Any CPU
		Release|Any CPU = Release|Any CPU
	EndGlobalSection
	GlobalSection(ProjectConfigurationPlatforms) = postSolution
		{EE590265-E7F2-45F5-88AC-42E74C2FC3A3}.Debug|Any CPU.ActiveCfg = Debug|Any CPU
		{EE590265-E7F2-45F5-88AC-42E74C2FC3A3}.Debug|Any CPU.Build.0 = Debug|Any CPU
		{EE590265-E7F2-45F5-88AC-42E74C2FC3A3}.Release|Any CPU.ActiveCfg = Release|Any CPU
		{EE590265-E7F2-45F5-88AC-42E74C2FC3A3}.Release|Any CPU.Build.0 = Release|Any CPU
		{08C66395-FCBE-46F7-B335-4C286F291D78}.Debug|Any CPU.ActiveCfg = Debug|Any CPU
		{08C66395-FCBE-46F7-B335-4C286F291D78}.Debug|Any CPU.Build.0 = Debug|Any CPU
		{08C66395-FCBE-46F7-B335-4C286F291D78}.Release|Any CPU.ActiveCfg = Release|Any CPU
		{08C66395-FCBE-46F7-B335-4C286F291D78}.Release|Any CPU.Build.0 = Release|Any CPU
		{B85F5484-E2AE-466E-B02B-F307198B9E57}.Debug|Any CPU.ActiveCfg = Debug|Any CPU
		{B85F5484-E2AE-466E-B02B-F307198B9E57}.Debug|Any CPU.Build.0 = Debug|Any CPU
		{B85F5484-E2AE-466E-B02B-F307198B9E57}.Release|Any CPU.ActiveCfg = Release|Any CPU
		{B85F5484-E2AE-466E-B02B-F307198B9E57}.Release|Any CPU.Build.0 = Release|Any CPU
	EndGlobalSection
	GlobalSection(SolutionProperties) = preSolution
		HideSolutionNode = FALSE
	EndGlobalSection
	GlobalSection(ExtensibilityGlobals) = postSolution
		SolutionGuid = {34D1EDAD-E214-48FD-96F7-50E03AA2AD6E}
	EndGlobalSection
EndGlobal
